
Microsoft Visual Studio Solution File, Format Version 12.00
# Visual Studio Version 16
VisualStudioVersion = 16.0.30611.23
MinimumVisualStudioVersion = 10.0.40219.1
Project("{FAE04EC0-301F-11D3-BF4B-00C04F79EFBC}") = "dotNet5781_00_6436_9554", "dotNet5781_00_6436_9554\dotNet5781_00_6436_9554.csproj", "{630C8320-CD7C-4C7A-870A-921F18C1260C}"
EndProject
Project("{FAE04EC0-301F-11D3-BF4B-00C04F79EFBC}") = "dotNet5781_01_6436_9554", "dotNet5781_01_6436_9554\dotNet5781_01_6436_9554.csproj", "{8FA69711-2C27-4A02-830A-98C60A3DF9C1}"
EndProject
Project("{FAE04EC0-301F-11D3-BF4B-00C04F79EFBC}") = "dotNet5781_02_6436_9554", "dotNet5781_02_6436_9554\dotNet5781_02_6436_9554.csproj", "{D7460FF9-9969-4966-A7DA-39F5D3B404F1}"
EndProject
Project("{FAE04EC0-301F-11D3-BF4B-00C04F79EFBC}") = "dotNet5781_03A_6436_9554", "dotNet5781_03A_6436_9554\dotNet5781_03A_6436_9554.csproj", "{C72987DC-3085-4379-9213-97CE83CFE4F5}"
EndProject
Project("{FAE04EC0-301F-11D3-BF4B-00C04F79EFBC}") = "dotNet5781_3b_6436_9554", "dotNet5781_3b_6436_9554\dotNet5781_3b_6436_9554.csproj", "{BD0F95E6-081A-4113-9E96-EAA01DF77A29}"
EndProject
Global
	GlobalSection(SolutionConfigurationPlatforms) = preSolution
		Debug|Any CPU = Debug|Any CPU
		Release|Any CPU = Release|Any CPU
	EndGlobalSection
	GlobalSection(ProjectConfigurationPlatforms) = postSolution
		{630C8320-CD7C-4C7A-870A-921F18C1260C}.Debug|Any CPU.ActiveCfg = Debug|Any CPU
		{630C8320-CD7C-4C7A-870A-921F18C1260C}.Debug|Any CPU.Build.0 = Debug|Any CPU
		{630C8320-CD7C-4C7A-870A-921F18C1260C}.Release|Any CPU.ActiveCfg = Release|Any CPU
		{630C8320-CD7C-4C7A-870A-921F18C1260C}.Release|Any CPU.Build.0 = Release|Any CPU
		{8FA69711-2C27-4A02-830A-98C60A3DF9C1}.Debug|Any CPU.ActiveCfg = Debug|Any CPU
		{8FA69711-2C27-4A02-830A-98C60A3DF9C1}.Debug|Any CPU.Build.0 = Debug|Any CPU
		{8FA69711-2C27-4A02-830A-98C60A3DF9C1}.Release|Any CPU.ActiveCfg = Release|Any CPU
		{8FA69711-2C27-4A02-830A-98C60A3DF9C1}.Release|Any CPU.Build.0 = Release|Any CPU
		{D7460FF9-9969-4966-A7DA-39F5D3B404F1}.Debug|Any CPU.ActiveCfg = Debug|Any CPU
		{D7460FF9-9969-4966-A7DA-39F5D3B404F1}.Debug|Any CPU.Build.0 = Debug|Any CPU
		{D7460FF9-9969-4966-A7DA-39F5D3B404F1}.Release|Any CPU.ActiveCfg = Release|Any CPU
		{D7460FF9-9969-4966-A7DA-39F5D3B404F1}.Release|Any CPU.Build.0 = Release|Any CPU
		{C72987DC-3085-4379-9213-97CE83CFE4F5}.Debug|Any CPU.ActiveCfg = Debug|Any CPU
		{C72987DC-3085-4379-9213-97CE83CFE4F5}.Debug|Any CPU.Build.0 = Debug|Any CPU
		{C72987DC-3085-4379-9213-97CE83CFE4F5}.Release|Any CPU.ActiveCfg = Release|Any CPU
		{C72987DC-3085-4379-9213-97CE83CFE4F5}.Release|Any CPU.Build.0 = Release|Any CPU
		{BD0F95E6-081A-4113-9E96-EAA01DF77A29}.Debug|Any CPU.ActiveCfg = Debug|Any CPU
		{BD0F95E6-081A-4113-9E96-EAA01DF77A29}.Debug|Any CPU.Build.0 = Debug|Any CPU
		{BD0F95E6-081A-4113-9E96-EAA01DF77A29}.Release|Any CPU.ActiveCfg = Release|Any CPU
		{BD0F95E6-081A-4113-9E96-EAA01DF77A29}.Release|Any CPU.Build.0 = Release|Any CPU
	EndGlobalSection
	GlobalSection(SolutionProperties) = preSolution
		HideSolutionNode = FALSE
	EndGlobalSection
	GlobalSection(ExtensibilityGlobals) = postSolution
		SolutionGuid = {63C8F82B-3068-4A8F-A455-CA61397AF81B}
	EndGlobalSection
EndGlobal
