
Microsoft Visual Studio Solution File, Format Version 12.00
# Visual Studio Version 16
VisualStudioVersion = 16.0.30611.23
MinimumVisualStudioVersion = 10.0.40219.1
Project("{FAE04EC0-301F-11D3-BF4B-00C04F79EFBC}") = "dotNet5781_00_6436_9554", "dotNet5781_00_6436_9554\dotNet5781_00_6436_9554.csproj", "{630C8320-CD7C-4C7A-870A-921F18C1260C}"
EndProject
Project("{FAE04EC0-301F-11D3-BF4B-00C04F79EFBC}") = "dotNet5781_01_6436_9554", "dotNet5781_01_6436_9554\dotNet5781_01_6436_9554.csproj", "{8FA69711-2C27-4A02-830A-98C60A3DF9C1}"
EndProject
Project("{FAE04EC0-301F-11D3-BF4B-00C04F79EFBC}") = "dotNet5781_02_6436_9554", "dotNet5781_02_6436_9554\dotNet5781_02_6436_9554.csproj", "{D7460FF9-9969-4966-A7DA-39F5D3B404F1}"
EndProject
Project("{FAE04EC0-301F-11D3-BF4B-00C04F79EFBC}") = "dotNet5781_03A_6436_9554", "dotNet5781_03A_6436_9554\dotNet5781_03A_6436_9554.csproj", "{C72987DC-3085-4379-9213-97CE83CFE4F5}"
EndProject
Project("{FAE04EC0-301F-11D3-BF4B-00C04F79EFBC}") = "dotNet5781_3B_6436_9554_", "dotNet5781_3B_6436_9554_\dotNet5781_3B_6436_9554_.csproj", "{9F8F72CC-6795-4AFE-BDE3-C2C705CBCE88}"
EndProject
Project("{FAE04EC0-301F-11D3-BF4B-00C04F79EFBC}") = "UI", "UI\UI.csproj", "{AAA580CD-B4B0-49DA-821A-32BFB1FE5E61}"
EndProject
Project("{FAE04EC0-301F-11D3-BF4B-00C04F79EFBC}") = "BL", "BL\BL.csproj", "{16D9B12E-C368-42BB-B144-FBDD6C7847D4}"
EndProject
Project("{FAE04EC0-301F-11D3-BF4B-00C04F79EFBC}") = "DLAPI", "DLAPI\DLAPI.csproj", "{F3C2BBDE-47D9-4302-92CC-2D193F1BBDA6}"
EndProject
Project("{FAE04EC0-301F-11D3-BF4B-00C04F79EFBC}") = "DS", "DS\DS.csproj", "{D945397E-10BF-4027-8B5E-BF55BA0138CE}"
EndProject
Project("{2150E333-8FDC-42A3-9474-1A3956D46DE8}") = "solution items", "solution items", "{638482D7-5CCE-4963-8B5B-7384E199CEC7}"
	ProjectSection(SolutionItems) = preProject
		bin\config.xml = bin\config.xml
	EndProjectSection
EndProject
Project("{FAE04EC0-301F-11D3-BF4B-00C04F79EFBC}") = "DLObject", "DLObject\DLObject.csproj", "{A0F29E1E-772E-4DD1-B1C9-428A5AB1F873}"
EndProject
Global
	GlobalSection(SolutionConfigurationPlatforms) = preSolution
		Debug|Any CPU = Debug|Any CPU
		Release|Any CPU = Release|Any CPU
	EndGlobalSection
	GlobalSection(ProjectConfigurationPlatforms) = postSolution
		{630C8320-CD7C-4C7A-870A-921F18C1260C}.Debug|Any CPU.ActiveCfg = Debug|Any CPU
		{630C8320-CD7C-4C7A-870A-921F18C1260C}.Debug|Any CPU.Build.0 = Debug|Any CPU
		{630C8320-CD7C-4C7A-870A-921F18C1260C}.Release|Any CPU.ActiveCfg = Release|Any CPU
		{630C8320-CD7C-4C7A-870A-921F18C1260C}.Release|Any CPU.Build.0 = Release|Any CPU
		{8FA69711-2C27-4A02-830A-98C60A3DF9C1}.Debug|Any CPU.ActiveCfg = Debug|Any CPU
		{8FA69711-2C27-4A02-830A-98C60A3DF9C1}.Debug|Any CPU.Build.0 = Debug|Any CPU
		{8FA69711-2C27-4A02-830A-98C60A3DF9C1}.Release|Any CPU.ActiveCfg = Release|Any CPU
		{8FA69711-2C27-4A02-830A-98C60A3DF9C1}.Release|Any CPU.Build.0 = Release|Any CPU
		{D7460FF9-9969-4966-A7DA-39F5D3B404F1}.Debug|Any CPU.ActiveCfg = Debug|Any CPU
		{D7460FF9-9969-4966-A7DA-39F5D3B404F1}.Debug|Any CPU.Build.0 = Debug|Any CPU
		{D7460FF9-9969-4966-A7DA-39F5D3B404F1}.Release|Any CPU.ActiveCfg = Release|Any CPU
		{D7460FF9-9969-4966-A7DA-39F5D3B404F1}.Release|Any CPU.Build.0 = Release|Any CPU
		{C72987DC-3085-4379-9213-97CE83CFE4F5}.Debug|Any CPU.ActiveCfg = Debug|Any CPU
		{C72987DC-3085-4379-9213-97CE83CFE4F5}.Debug|Any CPU.Build.0 = Debug|Any CPU
		{C72987DC-3085-4379-9213-97CE83CFE4F5}.Release|Any CPU.ActiveCfg = Release|Any CPU
		{C72987DC-3085-4379-9213-97CE83CFE4F5}.Release|Any CPU.Build.0 = Release|Any CPU
		{9F8F72CC-6795-4AFE-BDE3-C2C705CBCE88}.Debug|Any CPU.ActiveCfg = Debug|Any CPU
		{9F8F72CC-6795-4AFE-BDE3-C2C705CBCE88}.Debug|Any CPU.Build.0 = Debug|Any CPU
		{9F8F72CC-6795-4AFE-BDE3-C2C705CBCE88}.Release|Any CPU.ActiveCfg = Release|Any CPU
		{9F8F72CC-6795-4AFE-BDE3-C2C705CBCE88}.Release|Any CPU.Build.0 = Release|Any CPU
		{AAA580CD-B4B0-49DA-821A-32BFB1FE5E61}.Debug|Any CPU.ActiveCfg = Debug|Any CPU
		{AAA580CD-B4B0-49DA-821A-32BFB1FE5E61}.Debug|Any CPU.Build.0 = Debug|Any CPU
		{AAA580CD-B4B0-49DA-821A-32BFB1FE5E61}.Release|Any CPU.ActiveCfg = Release|Any CPU
		{AAA580CD-B4B0-49DA-821A-32BFB1FE5E61}.Release|Any CPU.Build.0 = Release|Any CPU
		{16D9B12E-C368-42BB-B144-FBDD6C7847D4}.Debug|Any CPU.ActiveCfg = Debug|Any CPU
		{16D9B12E-C368-42BB-B144-FBDD6C7847D4}.Debug|Any CPU.Build.0 = Debug|Any CPU
		{16D9B12E-C368-42BB-B144-FBDD6C7847D4}.Release|Any CPU.ActiveCfg = Release|Any CPU
		{16D9B12E-C368-42BB-B144-FBDD6C7847D4}.Release|Any CPU.Build.0 = Release|Any CPU
		{F3C2BBDE-47D9-4302-92CC-2D193F1BBDA6}.Debug|Any CPU.ActiveCfg = Debug|Any CPU
		{F3C2BBDE-47D9-4302-92CC-2D193F1BBDA6}.Debug|Any CPU.Build.0 = Debug|Any CPU
		{F3C2BBDE-47D9-4302-92CC-2D193F1BBDA6}.Release|Any CPU.ActiveCfg = Release|Any CPU
		{F3C2BBDE-47D9-4302-92CC-2D193F1BBDA6}.Release|Any CPU.Build.0 = Release|Any CPU
		{D945397E-10BF-4027-8B5E-BF55BA0138CE}.Debug|Any CPU.ActiveCfg = Debug|Any CPU
		{D945397E-10BF-4027-8B5E-BF55BA0138CE}.Debug|Any CPU.Build.0 = Debug|Any CPU
		{D945397E-10BF-4027-8B5E-BF55BA0138CE}.Release|Any CPU.ActiveCfg = Release|Any CPU
		{D945397E-10BF-4027-8B5E-BF55BA0138CE}.Release|Any CPU.Build.0 = Release|Any CPU
		{A0F29E1E-772E-4DD1-B1C9-428A5AB1F873}.Debug|Any CPU.ActiveCfg = Debug|Any CPU
		{A0F29E1E-772E-4DD1-B1C9-428A5AB1F873}.Debug|Any CPU.Build.0 = Debug|Any CPU
		{A0F29E1E-772E-4DD1-B1C9-428A5AB1F873}.Release|Any CPU.ActiveCfg = Release|Any CPU
		{A0F29E1E-772E-4DD1-B1C9-428A5AB1F873}.Release|Any CPU.Build.0 = Release|Any CPU
	EndGlobalSection
	GlobalSection(SolutionProperties) = preSolution
		HideSolutionNode = FALSE
	EndGlobalSection
	GlobalSection(ExtensibilityGlobals) = postSolution
		SolutionGuid = {63C8F82B-3068-4A8F-A455-CA61397AF81B}
	EndGlobalSection
EndGlobal
