
Microsoft Visual Studio Solution File, Format Version 12.00
# Visual Studio Version 16
VisualStudioVersion = 16.0.30611.23
MinimumVisualStudioVersion = 10.0.40219.1
Project("{FAE04EC0-301F-11D3-BF4B-00C04F79EFBC}") = "ConsoleApp2", "ConsoleApp2\ConsoleApp2.csproj", "{534C6001-2538-4263-98BA-8C3A6FDB94DA}"
EndProject
Global
	GlobalSection(SolutionConfigurationPlatforms) = preSolution
		Debug|Any CPU = Debug|Any CPU
		Release|Any CPU = Release|Any CPU
	EndGlobalSection
	GlobalSection(ProjectConfigurationPlatforms) = postSolution
		{534C6001-2538-4263-98BA-8C3A6FDB94DA}.Debug|Any CPU.ActiveCfg = Debug|Any CPU
		{534C6001-2538-4263-98BA-8C3A6FDB94DA}.Debug|Any CPU.Build.0 = Debug|Any CPU
		{534C6001-2538-4263-98BA-8C3A6FDB94DA}.Release|Any CPU.ActiveCfg = Release|Any CPU
		{534C6001-2538-4263-98BA-8C3A6FDB94DA}.Release|Any CPU.Build.0 = Release|Any CPU
	EndGlobalSection
	GlobalSection(SolutionProperties) = preSolution
		HideSolutionNode = FALSE
	EndGlobalSection
	GlobalSection(ExtensibilityGlobals) = postSolution
		SolutionGuid = {75756C42-3563-498E-9B09-237F100C464D}
	EndGlobalSection
EndGlobal
